
Microsoft Visual Studio Solution File, Format Version 12.00
# Visual Studio 2012
Project("{FAE04EC0-301F-11D3-BF4B-00C04F79EFBC}") = "Venmo", "Venmo\Venmo.csproj", "{E7104EBB-B984-4DAE-85A7-F5F262A62CDA}"
EndProject
Global
	GlobalSection(SolutionConfigurationPlatforms) = preSolution
		Debug|Any CPU = Debug|Any CPU
		Debug|ARM = Debug|ARM
		Debug|x86 = Debug|x86
		Release|Any CPU = Release|Any CPU
		Release|ARM = Release|ARM
		Release|x86 = Release|x86
	EndGlobalSection
	GlobalSection(ProjectConfigurationPlatforms) = postSolution
		{E7104EBB-B984-4DAE-85A7-F5F262A62CDA}.Debug|Any CPU.ActiveCfg = Debug|Any CPU
		{E7104EBB-B984-4DAE-85A7-F5F262A62CDA}.Debug|Any CPU.Build.0 = Debug|Any CPU
		{E7104EBB-B984-4DAE-85A7-F5F262A62CDA}.Debug|Any CPU.Deploy.0 = Debug|Any CPU
		{E7104EBB-B984-4DAE-85A7-F5F262A62CDA}.Debug|ARM.ActiveCfg = Debug|ARM
		{E7104EBB-B984-4DAE-85A7-F5F262A62CDA}.Debug|ARM.Build.0 = Debug|ARM
		{E7104EBB-B984-4DAE-85A7-F5F262A62CDA}.Debug|ARM.Deploy.0 = Debug|ARM
		{E7104EBB-B984-4DAE-85A7-F5F262A62CDA}.Debug|x86.ActiveCfg = Debug|x86
		{E7104EBB-B984-4DAE-85A7-F5F262A62CDA}.Debug|x86.Build.0 = Debug|x86
		{E7104EBB-B984-4DAE-85A7-F5F262A62CDA}.Debug|x86.Deploy.0 = Debug|x86
		{E7104EBB-B984-4DAE-85A7-F5F262A62CDA}.Release|Any CPU.ActiveCfg = Release|Any CPU
		{E7104EBB-B984-4DAE-85A7-F5F262A62CDA}.Release|Any CPU.Build.0 = Release|Any CPU
		{E7104EBB-B984-4DAE-85A7-F5F262A62CDA}.Release|Any CPU.Deploy.0 = Release|Any CPU
		{E7104EBB-B984-4DAE-85A7-F5F262A62CDA}.Release|ARM.ActiveCfg = Release|ARM
		{E7104EBB-B984-4DAE-85A7-F5F262A62CDA}.Release|ARM.Build.0 = Release|ARM
		{E7104EBB-B984-4DAE-85A7-F5F262A62CDA}.Release|ARM.Deploy.0 = Release|ARM
		{E7104EBB-B984-4DAE-85A7-F5F262A62CDA}.Release|x86.ActiveCfg = Release|x86
		{E7104EBB-B984-4DAE-85A7-F5F262A62CDA}.Release|x86.Build.0 = Release|x86
		{E7104EBB-B984-4DAE-85A7-F5F262A62CDA}.Release|x86.Deploy.0 = Release|x86
	EndGlobalSection
	GlobalSection(SolutionProperties) = preSolution
		HideSolutionNode = FALSE
	EndGlobalSection
EndGlobal
